// !$*UTF8*$!
{
	archiveVersion = 1;
	classes = {
	};
	objectVersion = 56;
	objects = {

/* Begin PBXBuildFile section */
		52EAAF762CBCF0DD00B2DFBB /* MatchMateApp.swift in Sources */ = {isa = PBXBuildFile; fileRef = 52EAAF752CBCF0DD00B2DFBB /* MatchMateApp.swift */; };
		52EAAF7A2CBCF0DE00B2DFBB /* Assets.xcassets in Resources */ = {isa = PBXBuildFile; fileRef = 52EAAF792CBCF0DE00B2DFBB /* Assets.xcassets */; };
		52EAAF7D2CBCF0DE00B2DFBB /* Preview Assets.xcassets in Resources */ = {isa = PBXBuildFile; fileRef = 52EAAF7C2CBCF0DE00B2DFBB /* Preview Assets.xcassets */; };
		52EAAF7F2CBCF0DE00B2DFBB /* Persistence.swift in Sources */ = {isa = PBXBuildFile; fileRef = 52EAAF7E2CBCF0DE00B2DFBB /* Persistence.swift */; };
		52EAAF822CBCF0DE00B2DFBB /* MatchMate.xcdatamodeld in Sources */ = {isa = PBXBuildFile; fileRef = 52EAAF802CBCF0DE00B2DFBB /* MatchMate.xcdatamodeld */; };
		52EAAF8C2CBCF0DF00B2DFBB /* MatchMateTests.swift in Sources */ = {isa = PBXBuildFile; fileRef = 52EAAF8B2CBCF0DF00B2DFBB /* MatchMateTests.swift */; };
		52EAAF962CBCF0DF00B2DFBB /* MatchMateUITests.swift in Sources */ = {isa = PBXBuildFile; fileRef = 52EAAF952CBCF0DF00B2DFBB /* MatchMateUITests.swift */; };
		52EAAF982CBCF0DF00B2DFBB /* MatchMateUITestsLaunchTests.swift in Sources */ = {isa = PBXBuildFile; fileRef = 52EAAF972CBCF0DF00B2DFBB /* MatchMateUITestsLaunchTests.swift */; };
		52EAAFAB2CBCFF6A00B2DFBB /* UserProfile.swift in Sources */ = {isa = PBXBuildFile; fileRef = 52EAAFAA2CBCFF6A00B2DFBB /* UserProfile.swift */; };
		52EAAFAE2CBD13AE00B2DFBB /* UserProfileEntity+CoreDataClass.swift in Sources */ = {isa = PBXBuildFile; fileRef = 52EAAFAC2CBD13AE00B2DFBB /* UserProfileEntity+CoreDataClass.swift */; };
		52EAAFB32CBD145400B2DFBB /* UserProfileRepository.swift in Sources */ = {isa = PBXBuildFile; fileRef = 52EAAFB22CBD145400B2DFBB /* UserProfileRepository.swift */; };
		52EAAFB62CBD1B2D00B2DFBB /* ApiResponseModel.swift in Sources */ = {isa = PBXBuildFile; fileRef = 52EAAFB52CBD1B2D00B2DFBB /* ApiResponseModel.swift */; };
		52EAAFB82CBD1B6A00B2DFBB /* ServiceManager.swift in Sources */ = {isa = PBXBuildFile; fileRef = 52EAAFB72CBD1B6A00B2DFBB /* ServiceManager.swift */; };
		52EAAFBA2CBD1D1200B2DFBB /* UserProfileViewModel.swift in Sources */ = {isa = PBXBuildFile; fileRef = 52EAAFB92CBD1D1200B2DFBB /* UserProfileViewModel.swift */; };
		52EAAFBD2CBD24E000B2DFBB /* MatchCardView.swift in Sources */ = {isa = PBXBuildFile; fileRef = 52EAAFBC2CBD24E000B2DFBB /* MatchCardView.swift */; };
/* End PBXBuildFile section */

/* Begin PBXContainerItemProxy section */
		52EAAF882CBCF0DF00B2DFBB /* PBXContainerItemProxy */ = {
			isa = PBXContainerItemProxy;
			containerPortal = 52EAAF6A2CBCF0DD00B2DFBB /* Project object */;
			proxyType = 1;
			remoteGlobalIDString = 52EAAF712CBCF0DD00B2DFBB;
			remoteInfo = MatchMate;
		};
		52EAAF922CBCF0DF00B2DFBB /* PBXContainerItemProxy */ = {
			isa = PBXContainerItemProxy;
			containerPortal = 52EAAF6A2CBCF0DD00B2DFBB /* Project object */;
			proxyType = 1;
			remoteGlobalIDString = 52EAAF712CBCF0DD00B2DFBB;
			remoteInfo = MatchMate;
		};
/* End PBXContainerItemProxy section */

/* Begin PBXFileReference section */
		52EAAF722CBCF0DD00B2DFBB /* MatchMate.app */ = {isa = PBXFileReference; explicitFileType = wrapper.application; includeInIndex = 0; path = MatchMate.app; sourceTree = BUILT_PRODUCTS_DIR; };
		52EAAF752CBCF0DD00B2DFBB /* MatchMateApp.swift */ = {isa = PBXFileReference; lastKnownFileType = sourcecode.swift; path = MatchMateApp.swift; sourceTree = "<group>"; };
		52EAAF792CBCF0DE00B2DFBB /* Assets.xcassets */ = {isa = PBXFileReference; lastKnownFileType = folder.assetcatalog; path = Assets.xcassets; sourceTree = "<group>"; };
		52EAAF7C2CBCF0DE00B2DFBB /* Preview Assets.xcassets */ = {isa = PBXFileReference; lastKnownFileType = folder.assetcatalog; path = "Preview Assets.xcassets"; sourceTree = "<group>"; };
		52EAAF7E2CBCF0DE00B2DFBB /* Persistence.swift */ = {isa = PBXFileReference; lastKnownFileType = sourcecode.swift; path = Persistence.swift; sourceTree = "<group>"; };
		52EAAF812CBCF0DE00B2DFBB /* MatchMate.xcdatamodel */ = {isa = PBXFileReference; lastKnownFileType = wrapper.xcdatamodel; path = MatchMate.xcdatamodel; sourceTree = "<group>"; };
		52EAAF872CBCF0DF00B2DFBB /* MatchMateTests.xctest */ = {isa = PBXFileReference; explicitFileType = wrapper.cfbundle; includeInIndex = 0; path = MatchMateTests.xctest; sourceTree = BUILT_PRODUCTS_DIR; };
		52EAAF8B2CBCF0DF00B2DFBB /* MatchMateTests.swift */ = {isa = PBXFileReference; lastKnownFileType = sourcecode.swift; path = MatchMateTests.swift; sourceTree = "<group>"; };
		52EAAF912CBCF0DF00B2DFBB /* MatchMateUITests.xctest */ = {isa = PBXFileReference; explicitFileType = wrapper.cfbundle; includeInIndex = 0; path = MatchMateUITests.xctest; sourceTree = BUILT_PRODUCTS_DIR; };
		52EAAF952CBCF0DF00B2DFBB /* MatchMateUITests.swift */ = {isa = PBXFileReference; lastKnownFileType = sourcecode.swift; path = MatchMateUITests.swift; sourceTree = "<group>"; };
		52EAAF972CBCF0DF00B2DFBB /* MatchMateUITestsLaunchTests.swift */ = {isa = PBXFileReference; lastKnownFileType = sourcecode.swift; path = MatchMateUITestsLaunchTests.swift; sourceTree = "<group>"; };
		52EAAFAA2CBCFF6A00B2DFBB /* UserProfile.swift */ = {isa = PBXFileReference; fileEncoding = 4; lastKnownFileType = sourcecode.swift; path = UserProfile.swift; sourceTree = "<group>"; };
		52EAAFAC2CBD13AE00B2DFBB /* UserProfileEntity+CoreDataClass.swift */ = {isa = PBXFileReference; lastKnownFileType = sourcecode.swift; path = "UserProfileEntity+CoreDataClass.swift"; sourceTree = "<group>"; };
		52EAAFB22CBD145400B2DFBB /* UserProfileRepository.swift */ = {isa = PBXFileReference; lastKnownFileType = sourcecode.swift; path = UserProfileRepository.swift; sourceTree = "<group>"; };
		52EAAFB52CBD1B2D00B2DFBB /* ApiResponseModel.swift */ = {isa = PBXFileReference; lastKnownFileType = sourcecode.swift; path = ApiResponseModel.swift; sourceTree = "<group>"; };
		52EAAFB72CBD1B6A00B2DFBB /* ServiceManager.swift */ = {isa = PBXFileReference; lastKnownFileType = sourcecode.swift; path = ServiceManager.swift; sourceTree = "<group>"; };
		52EAAFB92CBD1D1200B2DFBB /* UserProfileViewModel.swift */ = {isa = PBXFileReference; lastKnownFileType = sourcecode.swift; path = UserProfileViewModel.swift; sourceTree = "<group>"; };
		52EAAFBC2CBD24E000B2DFBB /* MatchCardView.swift */ = {isa = PBXFileReference; lastKnownFileType = sourcecode.swift; path = MatchCardView.swift; sourceTree = "<group>"; };
/* End PBXFileReference section */

/* Begin PBXFrameworksBuildPhase section */
		52EAAF6F2CBCF0DD00B2DFBB /* Frameworks */ = {
			isa = PBXFrameworksBuildPhase;
			buildActionMask = 2147483647;
			files = (
			);
			runOnlyForDeploymentPostprocessing = 0;
		};
		52EAAF842CBCF0DF00B2DFBB /* Frameworks */ = {
			isa = PBXFrameworksBuildPhase;
			buildActionMask = 2147483647;
			files = (
			);
			runOnlyForDeploymentPostprocessing = 0;
		};
		52EAAF8E2CBCF0DF00B2DFBB /* Frameworks */ = {
			isa = PBXFrameworksBuildPhase;
			buildActionMask = 2147483647;
			files = (
			);
			runOnlyForDeploymentPostprocessing = 0;
		};
/* End PBXFrameworksBuildPhase section */

/* Begin PBXGroup section */
		52EAAF692CBCF0DD00B2DFBB = {
			isa = PBXGroup;
			children = (
				52EAAF742CBCF0DD00B2DFBB /* MatchMate */,
				52EAAF8A2CBCF0DF00B2DFBB /* MatchMateTests */,
				52EAAF942CBCF0DF00B2DFBB /* MatchMateUITests */,
				52EAAF732CBCF0DD00B2DFBB /* Products */,
			);
			sourceTree = "<group>";
		};
		52EAAF732CBCF0DD00B2DFBB /* Products */ = {
			isa = PBXGroup;
			children = (
				52EAAF722CBCF0DD00B2DFBB /* MatchMate.app */,
				52EAAF872CBCF0DF00B2DFBB /* MatchMateTests.xctest */,
				52EAAF912CBCF0DF00B2DFBB /* MatchMateUITests.xctest */,
			);
			name = Products;
			sourceTree = "<group>";
		};
		52EAAF742CBCF0DD00B2DFBB /* MatchMate */ = {
			isa = PBXGroup;
			children = (
				52EAAFBB2CBD24C600B2DFBB /* View */,
				52EAAFB42CBD1ABA00B2DFBB /* Service */,
				52EAAFB12CBD143B00B2DFBB /* Repository */,
				52EAAFA92CBCFE3B00B2DFBB /* ViewModel */,
				52EAAFA42CBCF4FA00B2DFBB /* Model */,
				52EAAF752CBCF0DD00B2DFBB /* MatchMateApp.swift */,
				52EAAF792CBCF0DE00B2DFBB /* Assets.xcassets */,
				52EAAF7E2CBCF0DE00B2DFBB /* Persistence.swift */,
				52EAAF802CBCF0DE00B2DFBB /* MatchMate.xcdatamodeld */,
				52EAAF7B2CBCF0DE00B2DFBB /* Preview Content */,
			);
			path = MatchMate;
			sourceTree = "<group>";
		};
		52EAAF7B2CBCF0DE00B2DFBB /* Preview Content */ = {
			isa = PBXGroup;
			children = (
				52EAAF7C2CBCF0DE00B2DFBB /* Preview Assets.xcassets */,
			);
			path = "Preview Content";
			sourceTree = "<group>";
		};
		52EAAF8A2CBCF0DF00B2DFBB /* MatchMateTests */ = {
			isa = PBXGroup;
			children = (
				52EAAF8B2CBCF0DF00B2DFBB /* MatchMateTests.swift */,
			);
			path = MatchMateTests;
			sourceTree = "<group>";
		};
		52EAAF942CBCF0DF00B2DFBB /* MatchMateUITests */ = {
			isa = PBXGroup;
			children = (
				52EAAF952CBCF0DF00B2DFBB /* MatchMateUITests.swift */,
				52EAAF972CBCF0DF00B2DFBB /* MatchMateUITestsLaunchTests.swift */,
			);
			path = MatchMateUITests;
			sourceTree = "<group>";
		};
		52EAAFA42CBCF4FA00B2DFBB /* Model */ = {
			isa = PBXGroup;
			children = (
				52EAAFB02CBD13BD00B2DFBB /* CoreDataModel */,
				52EAAFAA2CBCFF6A00B2DFBB /* UserProfile.swift */,
				52EAAFB52CBD1B2D00B2DFBB /* ApiResponseModel.swift */,
			);
			path = Model;
			sourceTree = "<group>";
		};
		52EAAFA92CBCFE3B00B2DFBB /* ViewModel */ = {
			isa = PBXGroup;
			children = (
				52EAAFB92CBD1D1200B2DFBB /* UserProfileViewModel.swift */,
			);
			path = ViewModel;
			sourceTree = "<group>";
		};
		52EAAFB02CBD13BD00B2DFBB /* CoreDataModel */ = {
			isa = PBXGroup;
			children = (
				52EAAFAC2CBD13AE00B2DFBB /* UserProfileEntity+CoreDataClass.swift */,
			);
			path = CoreDataModel;
			sourceTree = "<group>";
		};
		52EAAFB12CBD143B00B2DFBB /* Repository */ = {
			isa = PBXGroup;
			children = (
				52EAAFB22CBD145400B2DFBB /* UserProfileRepository.swift */,
			);
			path = Repository;
			sourceTree = "<group>";
		};
		52EAAFB42CBD1ABA00B2DFBB /* Service */ = {
			isa = PBXGroup;
			children = (
				52EAAFB72CBD1B6A00B2DFBB /* ServiceManager.swift */,
			);
			path = Service;
			sourceTree = "<group>";
		};
		52EAAFBB2CBD24C600B2DFBB /* View */ = {
			isa = PBXGroup;
			children = (
				52EAAFBC2CBD24E000B2DFBB /* MatchCardView.swift */,
			);
			path = View;
			sourceTree = "<group>";
		};
/* End PBXGroup section */

/* Begin PBXNativeTarget section */
		52EAAF712CBCF0DD00B2DFBB /* MatchMate */ = {
			isa = PBXNativeTarget;
			buildConfigurationList = 52EAAF9B2CBCF0DF00B2DFBB /* Build configuration list for PBXNativeTarget "MatchMate" */;
			buildPhases = (
				52EAAF6E2CBCF0DD00B2DFBB /* Sources */,
				52EAAF6F2CBCF0DD00B2DFBB /* Frameworks */,
				52EAAF702CBCF0DD00B2DFBB /* Resources */,
			);
			buildRules = (
			);
			dependencies = (
			);
			name = MatchMate;
			productName = MatchMate;
			productReference = 52EAAF722CBCF0DD00B2DFBB /* MatchMate.app */;
			productType = "com.apple.product-type.application";
		};
		52EAAF862CBCF0DF00B2DFBB /* MatchMateTests */ = {
			isa = PBXNativeTarget;
			buildConfigurationList = 52EAAF9E2CBCF0DF00B2DFBB /* Build configuration list for PBXNativeTarget "MatchMateTests" */;
			buildPhases = (
				52EAAF832CBCF0DF00B2DFBB /* Sources */,
				52EAAF842CBCF0DF00B2DFBB /* Frameworks */,
				52EAAF852CBCF0DF00B2DFBB /* Resources */,
			);
			buildRules = (
			);
			dependencies = (
				52EAAF892CBCF0DF00B2DFBB /* PBXTargetDependency */,
			);
			name = MatchMateTests;
			productName = MatchMateTests;
			productReference = 52EAAF872CBCF0DF00B2DFBB /* MatchMateTests.xctest */;
			productType = "com.apple.product-type.bundle.unit-test";
		};
		52EAAF902CBCF0DF00B2DFBB /* MatchMateUITests */ = {
			isa = PBXNativeTarget;
			buildConfigurationList = 52EAAFA12CBCF0DF00B2DFBB /* Build configuration list for PBXNativeTarget "MatchMateUITests" */;
			buildPhases = (
				52EAAF8D2CBCF0DF00B2DFBB /* Sources */,
				52EAAF8E2CBCF0DF00B2DFBB /* Frameworks */,
				52EAAF8F2CBCF0DF00B2DFBB /* Resources */,
			);
			buildRules = (
			);
			dependencies = (
				52EAAF932CBCF0DF00B2DFBB /* PBXTargetDependency */,
			);
			name = MatchMateUITests;
			productName = MatchMateUITests;
			productReference = 52EAAF912CBCF0DF00B2DFBB /* MatchMateUITests.xctest */;
			productType = "com.apple.product-type.bundle.ui-testing";
		};
/* End PBXNativeTarget section */

/* Begin PBXProject section */
		52EAAF6A2CBCF0DD00B2DFBB /* Project object */ = {
			isa = PBXProject;
			attributes = {
				BuildIndependentTargetsInParallel = 1;
				LastSwiftUpdateCheck = 1540;
				LastUpgradeCheck = 1540;
				TargetAttributes = {
					52EAAF712CBCF0DD00B2DFBB = {
						CreatedOnToolsVersion = 15.4;
					};
					52EAAF862CBCF0DF00B2DFBB = {
						CreatedOnToolsVersion = 15.4;
						TestTargetID = 52EAAF712CBCF0DD00B2DFBB;
					};
					52EAAF902CBCF0DF00B2DFBB = {
						CreatedOnToolsVersion = 15.4;
						TestTargetID = 52EAAF712CBCF0DD00B2DFBB;
					};
				};
			};
			buildConfigurationList = 52EAAF6D2CBCF0DD00B2DFBB /* Build configuration list for PBXProject "MatchMate" */;
			compatibilityVersion = "Xcode 14.0";
			developmentRegion = en;
			hasScannedForEncodings = 0;
			knownRegions = (
				en,
				Base,
			);
			mainGroup = 52EAAF692CBCF0DD00B2DFBB;
			productRefGroup = 52EAAF732CBCF0DD00B2DFBB /* Products */;
			projectDirPath = "";
			projectRoot = "";
			targets = (
				52EAAF712CBCF0DD00B2DFBB /* MatchMate */,
				52EAAF862CBCF0DF00B2DFBB /* MatchMateTests */,
				52EAAF902CBCF0DF00B2DFBB /* MatchMateUITests */,
			);
		};
/* End PBXProject section */

/* Begin PBXResourcesBuildPhase section */
		52EAAF702CBCF0DD00B2DFBB /* Resources */ = {
			isa = PBXResourcesBuildPhase;
			buildActionMask = 2147483647;
			files = (
				52EAAF7D2CBCF0DE00B2DFBB /* Preview Assets.xcassets in Resources */,
				52EAAF7A2CBCF0DE00B2DFBB /* Assets.xcassets in Resources */,
			);
			runOnlyForDeploymentPostprocessing = 0;
		};
		52EAAF852CBCF0DF00B2DFBB /* Resources */ = {
			isa = PBXResourcesBuildPhase;
			buildActionMask = 2147483647;
			files = (
			);
			runOnlyForDeploymentPostprocessing = 0;
		};
		52EAAF8F2CBCF0DF00B2DFBB /* Resources */ = {
			isa = PBXResourcesBuildPhase;
			buildActionMask = 2147483647;
			files = (
			);
			runOnlyForDeploymentPostprocessing = 0;
		};
/* End PBXResourcesBuildPhase section */

/* Begin PBXSourcesBuildPhase section */
		52EAAF6E2CBCF0DD00B2DFBB /* Sources */ = {
			isa = PBXSourcesBuildPhase;
			buildActionMask = 2147483647;
			files = (
				52EAAF7F2CBCF0DE00B2DFBB /* Persistence.swift in Sources */,
				52EAAF822CBCF0DE00B2DFBB /* MatchMate.xcdatamodeld in Sources */,
				52EAAFB62CBD1B2D00B2DFBB /* ApiResponseModel.swift in Sources */,
				52EAAFB82CBD1B6A00B2DFBB /* ServiceManager.swift in Sources */,
				52EAAFAB2CBCFF6A00B2DFBB /* UserProfile.swift in Sources */,
				52EAAFB32CBD145400B2DFBB /* UserProfileRepository.swift in Sources */,
				52EAAFAE2CBD13AE00B2DFBB /* UserProfileEntity+CoreDataClass.swift in Sources */,
				52EAAF762CBCF0DD00B2DFBB /* MatchMateApp.swift in Sources */,
				52EAAFBD2CBD24E000B2DFBB /* MatchCardView.swift in Sources */,
				52EAAFBA2CBD1D1200B2DFBB /* UserProfileViewModel.swift in Sources */,
			);
			runOnlyForDeploymentPostprocessing = 0;
		};
		52EAAF832CBCF0DF00B2DFBB /* Sources */ = {
			isa = PBXSourcesBuildPhase;
			buildActionMask = 2147483647;
			files = (
				52EAAF8C2CBCF0DF00B2DFBB /* MatchMateTests.swift in Sources */,
			);
			runOnlyForDeploymentPostprocessing = 0;
		};
		52EAAF8D2CBCF0DF00B2DFBB /* Sources */ = {
			isa = PBXSourcesBuildPhase;
			buildActionMask = 2147483647;
			files = (
				52EAAF962CBCF0DF00B2DFBB /* MatchMateUITests.swift in Sources */,
				52EAAF982CBCF0DF00B2DFBB /* MatchMateUITestsLaunchTests.swift in Sources */,
			);
			runOnlyForDeploymentPostprocessing = 0;
		};
/* End PBXSourcesBuildPhase section */

/* Begin PBXTargetDependency section */
		52EAAF892CBCF0DF00B2DFBB /* PBXTargetDependency */ = {
			isa = PBXTargetDependency;
			target = 52EAAF712CBCF0DD00B2DFBB /* MatchMate */;
			targetProxy = 52EAAF882CBCF0DF00B2DFBB /* PBXContainerItemProxy */;
		};
		52EAAF932CBCF0DF00B2DFBB /* PBXTargetDependency */ = {
			isa = PBXTargetDependency;
			target = 52EAAF712CBCF0DD00B2DFBB /* MatchMate */;
			targetProxy = 52EAAF922CBCF0DF00B2DFBB /* PBXContainerItemProxy */;
		};
/* End PBXTargetDependency section */

/* Begin XCBuildConfiguration section */
		52EAAF992CBCF0DF00B2DFBB /* Debug */ = {
			isa = XCBuildConfiguration;
			buildSettings = {
				ALWAYS_SEARCH_USER_PATHS = NO;
				ASSETCATALOG_COMPILER_GENERATE_SWIFT_ASSET_SYMBOL_EXTENSIONS = YES;
				CLANG_ANALYZER_NONNULL = YES;
				CLANG_ANALYZER_NUMBER_OBJECT_CONVERSION = YES_AGGRESSIVE;
				CLANG_CXX_LANGUAGE_STANDARD = "gnu++20";
				CLANG_ENABLE_MODULES = YES;
				CLANG_ENABLE_OBJC_ARC = YES;
				CLANG_ENABLE_OBJC_WEAK = YES;
				CLANG_WARN_BLOCK_CAPTURE_AUTORELEASING = YES;
				CLANG_WARN_BOOL_CONVERSION = YES;
				CLANG_WARN_COMMA = YES;
				CLANG_WARN_CONSTANT_CONVERSION = YES;
				CLANG_WARN_DEPRECATED_OBJC_IMPLEMENTATIONS = YES;
				CLANG_WARN_DIRECT_OBJC_ISA_USAGE = YES_ERROR;
				CLANG_WARN_DOCUMENTATION_COMMENTS = YES;
				CLANG_WARN_EMPTY_BODY = YES;
				CLANG_WARN_ENUM_CONVERSION = YES;
				CLANG_WARN_INFINITE_RECURSION = YES;
				CLANG_WARN_INT_CONVERSION = YES;
				CLANG_WARN_NON_LITERAL_NULL_CONVERSION = YES;
				CLANG_WARN_OBJC_IMPLICIT_RETAIN_SELF = YES;
				CLANG_WARN_OBJC_LITERAL_CONVERSION = YES;
				CLANG_WARN_OBJC_ROOT_CLASS = YES_ERROR;
				CLANG_WARN_QUOTED_INCLUDE_IN_FRAMEWORK_HEADER = YES;
				CLANG_WARN_RANGE_LOOP_ANALYSIS = YES;
				CLANG_WARN_STRICT_PROTOTYPES = YES;
				CLANG_WARN_SUSPICIOUS_MOVE = YES;
				CLANG_WARN_UNGUARDED_AVAILABILITY = YES_AGGRESSIVE;
				CLANG_WARN_UNREACHABLE_CODE = YES;
				CLANG_WARN__DUPLICATE_METHOD_MATCH = YES;
				COPY_PHASE_STRIP = NO;
				DEBUG_INFORMATION_FORMAT = dwarf;
				ENABLE_STRICT_OBJC_MSGSEND = YES;
				ENABLE_TESTABILITY = YES;
				ENABLE_USER_SCRIPT_SANDBOXING = YES;
				GCC_C_LANGUAGE_STANDARD = gnu17;
				GCC_DYNAMIC_NO_PIC = NO;
				GCC_NO_COMMON_BLOCKS = YES;
				GCC_OPTIMIZATION_LEVEL = 0;
				GCC_PREPROCESSOR_DEFINITIONS = (
					"DEBUG=1",
					"$(inherited)",
				);
				GCC_WARN_64_TO_32_BIT_CONVERSION = YES;
				GCC_WARN_ABOUT_RETURN_TYPE = YES_ERROR;
				GCC_WARN_UNDECLARED_SELECTOR = YES;
				GCC_WARN_UNINITIALIZED_AUTOS = YES_AGGRESSIVE;
				GCC_WARN_UNUSED_FUNCTION = YES;
				GCC_WARN_UNUSED_VARIABLE = YES;
				IPHONEOS_DEPLOYMENT_TARGET = 17.5;
				LOCALIZATION_PREFERS_STRING_CATALOGS = YES;
				MTL_ENABLE_DEBUG_INFO = INCLUDE_SOURCE;
				MTL_FAST_MATH = YES;
				ONLY_ACTIVE_ARCH = YES;
				SDKROOT = iphoneos;
				SWIFT_ACTIVE_COMPILATION_CONDITIONS = "DEBUG $(inherited)";
				SWIFT_OPTIMIZATION_LEVEL = "-Onone";
			};
			name = Debug;
		};
		52EAAF9A2CBCF0DF00B2DFBB /* Release */ = {
			isa = XCBuildConfiguration;
			buildSettings = {
				ALWAYS_SEARCH_USER_PATHS = NO;
				ASSETCATALOG_COMPILER_GENERATE_SWIFT_ASSET_SYMBOL_EXTENSIONS = YES;
				CLANG_ANALYZER_NONNULL = YES;
				CLANG_ANALYZER_NUMBER_OBJECT_CONVERSION = YES_AGGRESSIVE;
				CLANG_CXX_LANGUAGE_STANDARD = "gnu++20";
				CLANG_ENABLE_MODULES = YES;
				CLANG_ENABLE_OBJC_ARC = YES;
				CLANG_ENABLE_OBJC_WEAK = YES;
				CLANG_WARN_BLOCK_CAPTURE_AUTORELEASING = YES;
				CLANG_WARN_BOOL_CONVERSION = YES;
				CLANG_WARN_COMMA = YES;
				CLANG_WARN_CONSTANT_CONVERSION = YES;
				CLANG_WARN_DEPRECATED_OBJC_IMPLEMENTATIONS = YES;
				CLANG_WARN_DIRECT_OBJC_ISA_USAGE = YES_ERROR;
				CLANG_WARN_DOCUMENTATION_COMMENTS = YES;
				CLANG_WARN_EMPTY_BODY = YES;
				CLANG_WARN_ENUM_CONVERSION = YES;
				CLANG_WARN_INFINITE_RECURSION = YES;
				CLANG_WARN_INT_CONVERSION = YES;
				CLANG_WARN_NON_LITERAL_NULL_CONVERSION = YES;
				CLANG_WARN_OBJC_IMPLICIT_RETAIN_SELF = YES;
				CLANG_WARN_OBJC_LITERAL_CONVERSION = YES;
				CLANG_WARN_OBJC_ROOT_CLASS = YES_ERROR;
				CLANG_WARN_QUOTED_INCLUDE_IN_FRAMEWORK_HEADER = YES;
				CLANG_WARN_RANGE_LOOP_ANALYSIS = YES;
				CLANG_WARN_STRICT_PROTOTYPES = YES;
				CLANG_WARN_SUSPICIOUS_MOVE = YES;
				CLANG_WARN_UNGUARDED_AVAILABILITY = YES_AGGRESSIVE;
				CLANG_WARN_UNREACHABLE_CODE = YES;
				CLANG_WARN__DUPLICATE_METHOD_MATCH = YES;
				COPY_PHASE_STRIP = NO;
				DEBUG_INFORMATION_FORMAT = "dwarf-with-dsym";
				ENABLE_NS_ASSERTIONS = NO;
				ENABLE_STRICT_OBJC_MSGSEND = YES;
				ENABLE_USER_SCRIPT_SANDBOXING = YES;
				GCC_C_LANGUAGE_STANDARD = gnu17;
				GCC_NO_COMMON_BLOCKS = YES;
				GCC_WARN_64_TO_32_BIT_CONVERSION = YES;
				GCC_WARN_ABOUT_RETURN_TYPE = YES_ERROR;
				GCC_WARN_UNDECLARED_SELECTOR = YES;
				GCC_WARN_UNINITIALIZED_AUTOS = YES_AGGRESSIVE;
				GCC_WARN_UNUSED_FUNCTION = YES;
				GCC_WARN_UNUSED_VARIABLE = YES;
				IPHONEOS_DEPLOYMENT_TARGET = 17.5;
				LOCALIZATION_PREFERS_STRING_CATALOGS = YES;
				MTL_ENABLE_DEBUG_INFO = NO;
				MTL_FAST_MATH = YES;
				SDKROOT = iphoneos;
				SWIFT_COMPILATION_MODE = wholemodule;
				VALIDATE_PRODUCT = YES;
			};
			name = Release;
		};
		52EAAF9C2CBCF0DF00B2DFBB /* Debug */ = {
			isa = XCBuildConfiguration;
			buildSettings = {
				ASSETCATALOG_COMPILER_APPICON_NAME = AppIcon;
				ASSETCATALOG_COMPILER_GLOBAL_ACCENT_COLOR_NAME = AccentColor;
				CODE_SIGN_STYLE = Automatic;
				CURRENT_PROJECT_VERSION = 1;
				DEVELOPMENT_ASSET_PATHS = "\"MatchMate/Preview Content\"";
				ENABLE_PREVIEWS = YES;
				GENERATE_INFOPLIST_FILE = YES;
				INFOPLIST_KEY_UIApplicationSceneManifest_Generation = YES;
				INFOPLIST_KEY_UIApplicationSupportsIndirectInputEvents = YES;
				INFOPLIST_KEY_UILaunchScreen_Generation = YES;
				INFOPLIST_KEY_UISupportedInterfaceOrientations_iPad = "UIInterfaceOrientationPortrait UIInterfaceOrientationPortraitUpsideDown UIInterfaceOrientationLandscapeLeft UIInterfaceOrientationLandscapeRight";
				INFOPLIST_KEY_UISupportedInterfaceOrientations_iPhone = "UIInterfaceOrientationPortrait UIInterfaceOrientationLandscapeLeft UIInterfaceOrientationLandscapeRight";
				LD_RUNPATH_SEARCH_PATHS = (
					"$(inherited)",
					"@executable_path/Frameworks",
				);
				MARKETING_VERSION = 1.0;
				PRODUCT_BUNDLE_IDENTIFIER = com.junaid.MatchMate.MatchMate;
				PRODUCT_NAME = "$(TARGET_NAME)";
				SWIFT_EMIT_LOC_STRINGS = YES;
				SWIFT_VERSION = 5.0;
				TARGETED_DEVICE_FAMILY = "1,2";
			};
			name = Debug;
		};
		52EAAF9D2CBCF0DF00B2DFBB /* Release */ = {
			isa = XCBuildConfiguration;
			buildSettings = {
				ASSETCATALOG_COMPILER_APPICON_NAME = AppIcon;
				ASSETCATALOG_COMPILER_GLOBAL_ACCENT_COLOR_NAME = AccentColor;
				CODE_SIGN_STYLE = Automatic;
				CURRENT_PROJECT_VERSION = 1;
				DEVELOPMENT_ASSET_PATHS = "\"MatchMate/Preview Content\"";
				ENABLE_PREVIEWS = YES;
				GENERATE_INFOPLIST_FILE = YES;
				INFOPLIST_KEY_UIApplicationSceneManifest_Generation = YES;
				INFOPLIST_KEY_UIApplicationSupportsIndirectInputEvents = YES;
				INFOPLIST_KEY_UILaunchScreen_Generation = YES;
				INFOPLIST_KEY_UISupportedInterfaceOrientations_iPad = "UIInterfaceOrientationPortrait UIInterfaceOrientationPortraitUpsideDown UIInterfaceOrientationLandscapeLeft UIInterfaceOrientationLandscapeRight";
				INFOPLIST_KEY_UISupportedInterfaceOrientations_iPhone = "UIInterfaceOrientationPortrait UIInterfaceOrientationLandscapeLeft UIInterfaceOrientationLandscapeRight";
				LD_RUNPATH_SEARCH_PATHS = (
					"$(inherited)",
					"@executable_path/Frameworks",
				);
				MARKETING_VERSION = 1.0;
				PRODUCT_BUNDLE_IDENTIFIER = com.junaid.MatchMate.MatchMate;
				PRODUCT_NAME = "$(TARGET_NAME)";
				SWIFT_EMIT_LOC_STRINGS = YES;
				SWIFT_VERSION = 5.0;
				TARGETED_DEVICE_FAMILY = "1,2";
			};
			name = Release;
		};
		52EAAF9F2CBCF0DF00B2DFBB /* Debug */ = {
			isa = XCBuildConfiguration;
			buildSettings = {
				ALWAYS_EMBED_SWIFT_STANDARD_LIBRARIES = YES;
				BUNDLE_LOADER = "$(TEST_HOST)";
				CODE_SIGN_STYLE = Automatic;
				CURRENT_PROJECT_VERSION = 1;
				GENERATE_INFOPLIST_FILE = YES;
				IPHONEOS_DEPLOYMENT_TARGET = 17.5;
				MARKETING_VERSION = 1.0;
				PRODUCT_BUNDLE_IDENTIFIER = com.junaid.MatchMate.MatchMateTests;
				PRODUCT_NAME = "$(TARGET_NAME)";
				SWIFT_EMIT_LOC_STRINGS = NO;
				SWIFT_VERSION = 5.0;
				TARGETED_DEVICE_FAMILY = "1,2";
				TEST_HOST = "$(BUILT_PRODUCTS_DIR)/MatchMate.app/$(BUNDLE_EXECUTABLE_FOLDER_PATH)/MatchMate";
			};
			name = Debug;
		};
		52EAAFA02CBCF0DF00B2DFBB /* Release */ = {
			isa = XCBuildConfiguration;
			buildSettings = {
				ALWAYS_EMBED_SWIFT_STANDARD_LIBRARIES = YES;
				BUNDLE_LOADER = "$(TEST_HOST)";
				CODE_SIGN_STYLE = Automatic;
				CURRENT_PROJECT_VERSION = 1;
				GENERATE_INFOPLIST_FILE = YES;
				IPHONEOS_DEPLOYMENT_TARGET = 17.5;
				MARKETING_VERSION = 1.0;
				PRODUCT_BUNDLE_IDENTIFIER = com.junaid.MatchMate.MatchMateTests;
				PRODUCT_NAME = "$(TARGET_NAME)";
				SWIFT_EMIT_LOC_STRINGS = NO;
				SWIFT_VERSION = 5.0;
				TARGETED_DEVICE_FAMILY = "1,2";
				TEST_HOST = "$(BUILT_PRODUCTS_DIR)/MatchMate.app/$(BUNDLE_EXECUTABLE_FOLDER_PATH)/MatchMate";
			};
			name = Release;
		};
		52EAAFA22CBCF0DF00B2DFBB /* Debug */ = {
			isa = XCBuildConfiguration;
			buildSettings = {
				ALWAYS_EMBED_SWIFT_STANDARD_LIBRARIES = YES;
				CODE_SIGN_STYLE = Automatic;
				CURRENT_PROJECT_VERSION = 1;
				GENERATE_INFOPLIST_FILE = YES;
				MARKETING_VERSION = 1.0;
				PRODUCT_BUNDLE_IDENTIFIER = com.junaid.MatchMate.MatchMateUITests;
				PRODUCT_NAME = "$(TARGET_NAME)";
				SWIFT_EMIT_LOC_STRINGS = NO;
				SWIFT_VERSION = 5.0;
				TARGETED_DEVICE_FAMILY = "1,2";
				TEST_TARGET_NAME = MatchMate;
			};
			name = Debug;
		};
		52EAAFA32CBCF0DF00B2DFBB /* Release */ = {
			isa = XCBuildConfiguration;
			buildSettings = {
				ALWAYS_EMBED_SWIFT_STANDARD_LIBRARIES = YES;
				CODE_SIGN_STYLE = Automatic;
				CURRENT_PROJECT_VERSION = 1;
				GENERATE_INFOPLIST_FILE = YES;
				MARKETING_VERSION = 1.0;
				PRODUCT_BUNDLE_IDENTIFIER = com.junaid.MatchMate.MatchMateUITests;
				PRODUCT_NAME = "$(TARGET_NAME)";
				SWIFT_EMIT_LOC_STRINGS = NO;
				SWIFT_VERSION = 5.0;
				TARGETED_DEVICE_FAMILY = "1,2";
				TEST_TARGET_NAME = MatchMate;
			};
			name = Release;
		};
/* End XCBuildConfiguration section */

/* Begin XCConfigurationList section */
		52EAAF6D2CBCF0DD00B2DFBB /* Build configuration list for PBXProject "MatchMate" */ = {
			isa = XCConfigurationList;
			buildConfigurations = (
				52EAAF992CBCF0DF00B2DFBB /* Debug */,
				52EAAF9A2CBCF0DF00B2DFBB /* Release */,
			);
			defaultConfigurationIsVisible = 0;
			defaultConfigurationName = Release;
		};
		52EAAF9B2CBCF0DF00B2DFBB /* Build configuration list for PBXNativeTarget "MatchMate" */ = {
			isa = XCConfigurationList;
			buildConfigurations = (
				52EAAF9C2CBCF0DF00B2DFBB /* Debug */,
				52EAAF9D2CBCF0DF00B2DFBB /* Release */,
			);
			defaultConfigurationIsVisible = 0;
			defaultConfigurationName = Release;
		};
		52EAAF9E2CBCF0DF00B2DFBB /* Build configuration list for PBXNativeTarget "MatchMateTests" */ = {
			isa = XCConfigurationList;
			buildConfigurations = (
				52EAAF9F2CBCF0DF00B2DFBB /* Debug */,
				52EAAFA02CBCF0DF00B2DFBB /* Release */,
			);
			defaultConfigurationIsVisible = 0;
			defaultConfigurationName = Release;
		};
		52EAAFA12CBCF0DF00B2DFBB /* Build configuration list for PBXNativeTarget "MatchMateUITests" */ = {
			isa = XCConfigurationList;
			buildConfigurations = (
				52EAAFA22CBCF0DF00B2DFBB /* Debug */,
				52EAAFA32CBCF0DF00B2DFBB /* Release */,
			);
			defaultConfigurationIsVisible = 0;
			defaultConfigurationName = Release;
		};
/* End XCConfigurationList section */

/* Begin XCVersionGroup section */
		52EAAF802CBCF0DE00B2DFBB /* MatchMate.xcdatamodeld */ = {
			isa = XCVersionGroup;
			children = (
				52EAAF812CBCF0DE00B2DFBB /* MatchMate.xcdatamodel */,
			);
			currentVersion = 52EAAF812CBCF0DE00B2DFBB /* MatchMate.xcdatamodel */;
			path = MatchMate.xcdatamodeld;
			sourceTree = "<group>";
			versionGroupType = wrapper.xcdatamodel;
		};
/* End XCVersionGroup section */
	};
	rootObject = 52EAAF6A2CBCF0DD00B2DFBB /* Project object */;
}
